
Microsoft Visual Studio Solution File, Format Version 12.00
# Visual Studio 15
VisualStudioVersion = 15.0.26228.9
MinimumVisualStudioVersion = 10.0.40219.1
Project("{9092AA53-FB77-4645-B42D-1CCCA6BD08BD}") = "PackMannjNodeJs", "PackMannjNodeJs\PackMannjNodeJs.njsproj", "{E8A9DA55-B349-49D8-ADB7-B98DC9430CB1}"
EndProject
Global
	GlobalSection(SolutionConfigurationPlatforms) = preSolution
		Debug|Any CPU = Debug|Any CPU
		Release|Any CPU = Release|Any CPU
	EndGlobalSection
	GlobalSection(ProjectConfigurationPlatforms) = postSolution
		{E8A9DA55-B349-49D8-ADB7-B98DC9430CB1}.Debug|Any CPU.ActiveCfg = Debug|Any CPU
		{E8A9DA55-B349-49D8-ADB7-B98DC9430CB1}.Debug|Any CPU.Build.0 = Debug|Any CPU
		{E8A9DA55-B349-49D8-ADB7-B98DC9430CB1}.Release|Any CPU.ActiveCfg = Release|Any CPU
		{E8A9DA55-B349-49D8-ADB7-B98DC9430CB1}.Release|Any CPU.Build.0 = Release|Any CPU
	EndGlobalSection
	GlobalSection(SolutionProperties) = preSolution
		HideSolutionNode = FALSE
	EndGlobalSection
EndGlobal
